
Microsoft Visual Studio Solution File, Format Version 12.00
# Visual Studio Version 17
VisualStudioVersion = 17.0.31903.59
MinimumVisualStudioVersion = 10.0.40219.1
Project("{2150E333-8FDC-42A3-9474-1A3956D46DE8}") = "src", "src", "{827E0CD3-B72D-47B6-A68D-7590B98EB39B}"
EndProject
Project("{FAE04EC0-301F-11D3-BF4B-00C04F79EFBC}") = "TestDocs.Cli", "src\TestDocs.Cli\TestDocs.Cli.csproj", "{81C72455-5CF3-44E1-9282-63A60CF4A52D}"
EndProject
Project("{FAE04EC0-301F-11D3-BF4B-00C04F79EFBC}") = "Bravellian.TestDocs.Analyzers", "src\Bravellian.TestDocs.Analyzers\Bravellian.TestDocs.Analyzers.csproj", "{F00A5BFE-1047-4E51-A02B-DF41029992CF}"
EndProject
Global
	GlobalSection(SolutionConfigurationPlatforms) = preSolution
		Debug|Any CPU = Debug|Any CPU
		Debug|x64 = Debug|x64
		Debug|x86 = Debug|x86
		Release|Any CPU = Release|Any CPU
		Release|x64 = Release|x64
		Release|x86 = Release|x86
	EndGlobalSection
	GlobalSection(ProjectConfigurationPlatforms) = postSolution
		{81C72455-5CF3-44E1-9282-63A60CF4A52D}.Debug|Any CPU.ActiveCfg = Debug|Any CPU
		{81C72455-5CF3-44E1-9282-63A60CF4A52D}.Debug|Any CPU.Build.0 = Debug|Any CPU
		{81C72455-5CF3-44E1-9282-63A60CF4A52D}.Debug|x64.ActiveCfg = Debug|Any CPU
		{81C72455-5CF3-44E1-9282-63A60CF4A52D}.Debug|x64.Build.0 = Debug|Any CPU
		{81C72455-5CF3-44E1-9282-63A60CF4A52D}.Debug|x86.ActiveCfg = Debug|Any CPU
		{81C72455-5CF3-44E1-9282-63A60CF4A52D}.Debug|x86.Build.0 = Debug|Any CPU
		{81C72455-5CF3-44E1-9282-63A60CF4A52D}.Release|Any CPU.ActiveCfg = Release|Any CPU
		{81C72455-5CF3-44E1-9282-63A60CF4A52D}.Release|Any CPU.Build.0 = Release|Any CPU
		{81C72455-5CF3-44E1-9282-63A60CF4A52D}.Release|x64.ActiveCfg = Release|Any CPU
		{81C72455-5CF3-44E1-9282-63A60CF4A52D}.Release|x64.Build.0 = Release|Any CPU
		{81C72455-5CF3-44E1-9282-63A60CF4A52D}.Release|x86.ActiveCfg = Release|Any CPU
		{81C72455-5CF3-44E1-9282-63A60CF4A52D}.Release|x86.Build.0 = Release|Any CPU
		{F00A5BFE-1047-4E51-A02B-DF41029992CF}.Debug|Any CPU.ActiveCfg = Debug|Any CPU
		{F00A5BFE-1047-4E51-A02B-DF41029992CF}.Debug|Any CPU.Build.0 = Debug|Any CPU
		{F00A5BFE-1047-4E51-A02B-DF41029992CF}.Debug|x64.ActiveCfg = Debug|Any CPU
		{F00A5BFE-1047-4E51-A02B-DF41029992CF}.Debug|x64.Build.0 = Debug|Any CPU
		{F00A5BFE-1047-4E51-A02B-DF41029992CF}.Debug|x86.ActiveCfg = Debug|Any CPU
		{F00A5BFE-1047-4E51-A02B-DF41029992CF}.Debug|x86.Build.0 = Debug|Any CPU
		{F00A5BFE-1047-4E51-A02B-DF41029992CF}.Release|Any CPU.ActiveCfg = Release|Any CPU
		{F00A5BFE-1047-4E51-A02B-DF41029992CF}.Release|Any CPU.Build.0 = Release|Any CPU
		{F00A5BFE-1047-4E51-A02B-DF41029992CF}.Release|x64.ActiveCfg = Release|Any CPU
		{F00A5BFE-1047-4E51-A02B-DF41029992CF}.Release|x64.Build.0 = Release|Any CPU
		{F00A5BFE-1047-4E51-A02B-DF41029992CF}.Release|x86.ActiveCfg = Release|Any CPU
		{F00A5BFE-1047-4E51-A02B-DF41029992CF}.Release|x86.Build.0 = Release|Any CPU
	EndGlobalSection
	GlobalSection(SolutionProperties) = preSolution
		HideSolutionNode = FALSE
	EndGlobalSection
	GlobalSection(NestedProjects) = preSolution
		{81C72455-5CF3-44E1-9282-63A60CF4A52D} = {827E0CD3-B72D-47B6-A68D-7590B98EB39B}
		{F00A5BFE-1047-4E51-A02B-DF41029992CF} = {827E0CD3-B72D-47B6-A68D-7590B98EB39B}
	EndGlobalSection
EndGlobal
